
Microsoft Visual Studio Solution File, Format Version 12.00
# Visual Studio Version 16
VisualStudioVersion = 16.0.31702.278
MinimumVisualStudioVersion = 10.0.40219.1
Project("{FAE04EC0-301F-11D3-BF4B-00C04F79EFBC}") = "Api_estudoAddons", "Api_estudoAddons\Api_estudoAddons.csproj", "{ECD4C781-9EC8-4B65-9770-F70352B2E8EA}"
EndProject
Global
	GlobalSection(SolutionConfigurationPlatforms) = preSolution
		Debug|Any CPU = Debug|Any CPU
		Release|Any CPU = Release|Any CPU
	EndGlobalSection
	GlobalSection(ProjectConfigurationPlatforms) = postSolution
		{ECD4C781-9EC8-4B65-9770-F70352B2E8EA}.Debug|Any CPU.ActiveCfg = Debug|Any CPU
		{ECD4C781-9EC8-4B65-9770-F70352B2E8EA}.Debug|Any CPU.Build.0 = Debug|Any CPU
		{ECD4C781-9EC8-4B65-9770-F70352B2E8EA}.Release|Any CPU.ActiveCfg = Release|Any CPU
		{ECD4C781-9EC8-4B65-9770-F70352B2E8EA}.Release|Any CPU.Build.0 = Release|Any CPU
	EndGlobalSection
	GlobalSection(SolutionProperties) = preSolution
		HideSolutionNode = FALSE
	EndGlobalSection
	GlobalSection(ExtensibilityGlobals) = postSolution
		SolutionGuid = {5B313E94-C0D6-4DAC-8464-5E68EE7A14E3}
	EndGlobalSection
EndGlobal
